// !$*UTF8*$!
{
	archiveVersion = 1;
	classes = {
	};
	objectVersion = 55;
	objects = {

/* Begin PBXBuildFile section */
		5F403EFDB9506894C6CD9873 /* Pods_MyBook.framework in Frameworks */ = {isa = PBXBuildFile; fileRef = AE1424D6571C9F5224E2D14F /* Pods_MyBook.framework */; };
		F02874972823DF9E00CD3F9F /* AppDelegate.swift in Sources */ = {isa = PBXBuildFile; fileRef = F02874962823DF9E00CD3F9F /* AppDelegate.swift */; };
		F02874992823DF9E00CD3F9F /* SceneDelegate.swift in Sources */ = {isa = PBXBuildFile; fileRef = F02874982823DF9E00CD3F9F /* SceneDelegate.swift */; };
		F028749B2823DF9F00CD3F9F /* BookListViewController.swift in Sources */ = {isa = PBXBuildFile; fileRef = F028749A2823DF9E00CD3F9F /* BookListViewController.swift */; };
		F02874A02823DFA000CD3F9F /* Assets.xcassets in Resources */ = {isa = PBXBuildFile; fileRef = F028749F2823DFA000CD3F9F /* Assets.xcassets */; };
		F02874A32823DFA000CD3F9F /* LaunchScreen.storyboard in Resources */ = {isa = PBXBuildFile; fileRef = F02874A12823DFA000CD3F9F /* LaunchScreen.storyboard */; };
		F02874AB2823F08400CD3F9F /* MyPageViewController.swift in Sources */ = {isa = PBXBuildFile; fileRef = F02874AA2823F08400CD3F9F /* MyPageViewController.swift */; };
		F02874AD282421BE00CD3F9F /* BookTableViewCell.swift in Sources */ = {isa = PBXBuildFile; fileRef = F02874AC282421BE00CD3F9F /* BookTableViewCell.swift */; };
		F02874B22825687B00CD3F9F /* Book.swift in Sources */ = {isa = PBXBuildFile; fileRef = F02874B12825687B00CD3F9F /* Book.swift */; };
		F02874B428256C0F00CD3F9F /* MainView.swift in Sources */ = {isa = PBXBuildFile; fileRef = F02874B328256C0F00CD3F9F /* MainView.swift */; };
		F02874BA28257DC300CD3F9F /* LikeBookTableViewCell.swift in Sources */ = {isa = PBXBuildFile; fileRef = F02874B928257DC300CD3F9F /* LikeBookTableViewCell.swift */; };
		F02874BC28257F5A00CD3F9F /* LikeView.swift in Sources */ = {isa = PBXBuildFile; fileRef = F02874BB28257F5A00CD3F9F /* LikeView.swift */; };
/* End PBXBuildFile section */

/* Begin PBXFileReference section */
		7BC5E795606601FC463C3739 /* Pods-MyBook.release.xcconfig */ = {isa = PBXFileReference; includeInIndex = 1; lastKnownFileType = text.xcconfig; name = "Pods-MyBook.release.xcconfig"; path = "Target Support Files/Pods-MyBook/Pods-MyBook.release.xcconfig"; sourceTree = "<group>"; };
		9131767A787BF78ADA202F61 /* Pods-MyBook.debug.xcconfig */ = {isa = PBXFileReference; includeInIndex = 1; lastKnownFileType = text.xcconfig; name = "Pods-MyBook.debug.xcconfig"; path = "Target Support Files/Pods-MyBook/Pods-MyBook.debug.xcconfig"; sourceTree = "<group>"; };
		AE1424D6571C9F5224E2D14F /* Pods_MyBook.framework */ = {isa = PBXFileReference; explicitFileType = wrapper.framework; includeInIndex = 0; path = Pods_MyBook.framework; sourceTree = BUILT_PRODUCTS_DIR; };
		F02874932823DF9E00CD3F9F /* MyBook.app */ = {isa = PBXFileReference; explicitFileType = wrapper.application; includeInIndex = 0; path = MyBook.app; sourceTree = BUILT_PRODUCTS_DIR; };
		F02874962823DF9E00CD3F9F /* AppDelegate.swift */ = {isa = PBXFileReference; lastKnownFileType = sourcecode.swift; path = AppDelegate.swift; sourceTree = "<group>"; };
		F02874982823DF9E00CD3F9F /* SceneDelegate.swift */ = {isa = PBXFileReference; lastKnownFileType = sourcecode.swift; path = SceneDelegate.swift; sourceTree = "<group>"; };
		F028749A2823DF9E00CD3F9F /* BookListViewController.swift */ = {isa = PBXFileReference; lastKnownFileType = sourcecode.swift; path = BookListViewController.swift; sourceTree = "<group>"; };
		F028749F2823DFA000CD3F9F /* Assets.xcassets */ = {isa = PBXFileReference; lastKnownFileType = folder.assetcatalog; path = Assets.xcassets; sourceTree = "<group>"; };
		F02874A22823DFA000CD3F9F /* Base */ = {isa = PBXFileReference; lastKnownFileType = file.storyboard; name = Base; path = Base.lproj/LaunchScreen.storyboard; sourceTree = "<group>"; };
		F02874A42823DFA000CD3F9F /* Info.plist */ = {isa = PBXFileReference; lastKnownFileType = text.plist.xml; path = Info.plist; sourceTree = "<group>"; };
		F02874AA2823F08400CD3F9F /* MyPageViewController.swift */ = {isa = PBXFileReference; lastKnownFileType = sourcecode.swift; path = MyPageViewController.swift; sourceTree = "<group>"; };
		F02874AC282421BE00CD3F9F /* BookTableViewCell.swift */ = {isa = PBXFileReference; lastKnownFileType = sourcecode.swift; path = BookTableViewCell.swift; sourceTree = "<group>"; };
		F02874B12825687B00CD3F9F /* Book.swift */ = {isa = PBXFileReference; lastKnownFileType = sourcecode.swift; path = Book.swift; sourceTree = "<group>"; };
		F02874B328256C0F00CD3F9F /* MainView.swift */ = {isa = PBXFileReference; lastKnownFileType = sourcecode.swift; path = MainView.swift; sourceTree = "<group>"; };
		F02874B928257DC300CD3F9F /* LikeBookTableViewCell.swift */ = {isa = PBXFileReference; lastKnownFileType = sourcecode.swift; path = LikeBookTableViewCell.swift; sourceTree = "<group>"; };
		F02874BB28257F5A00CD3F9F /* LikeView.swift */ = {isa = PBXFileReference; lastKnownFileType = sourcecode.swift; path = LikeView.swift; sourceTree = "<group>"; };
/* End PBXFileReference section */

/* Begin PBXFrameworksBuildPhase section */
		F02874902823DF9E00CD3F9F /* Frameworks */ = {
			isa = PBXFrameworksBuildPhase;
			buildActionMask = 2147483647;
			files = (
				5F403EFDB9506894C6CD9873 /* Pods_MyBook.framework in Frameworks */,
			);
			runOnlyForDeploymentPostprocessing = 0;
		};
/* End PBXFrameworksBuildPhase section */

/* Begin PBXGroup section */
		262B50A2924F5B9109B9B027 /* Frameworks */ = {
			isa = PBXGroup;
			children = (
				AE1424D6571C9F5224E2D14F /* Pods_MyBook.framework */,
			);
			name = Frameworks;
			sourceTree = "<group>";
		};
		B5923B7901DD42E51056E8DC /* Pods */ = {
			isa = PBXGroup;
			children = (
				9131767A787BF78ADA202F61 /* Pods-MyBook.debug.xcconfig */,
				7BC5E795606601FC463C3739 /* Pods-MyBook.release.xcconfig */,
			);
			path = Pods;
			sourceTree = "<group>";
		};
		F028748A2823DF9E00CD3F9F = {
			isa = PBXGroup;
			children = (
				F02874952823DF9E00CD3F9F /* MyBook */,
				F02874942823DF9E00CD3F9F /* Products */,
				B5923B7901DD42E51056E8DC /* Pods */,
				262B50A2924F5B9109B9B027 /* Frameworks */,
			);
			sourceTree = "<group>";
		};
		F02874942823DF9E00CD3F9F /* Products */ = {
			isa = PBXGroup;
			children = (
				F02874932823DF9E00CD3F9F /* MyBook.app */,
			);
			name = Products;
			sourceTree = "<group>";
		};
		F02874952823DF9E00CD3F9F /* MyBook */ = {
			isa = PBXGroup;
			children = (
				F02874A42823DFA000CD3F9F /* Info.plist */,
				F02874B82825718B00CD3F9F /* Resources */,
				F02874B02825684400CD3F9F /* Controller */,
				F02874AF2825683F00CD3F9F /* View */,
				F02874AE2825683900CD3F9F /* Model */,
			);
			path = MyBook;
			sourceTree = "<group>";
		};
		F02874AE2825683900CD3F9F /* Model */ = {
			isa = PBXGroup;
			children = (
				F02874B12825687B00CD3F9F /* Book.swift */,
			);
			path = Model;
			sourceTree = "<group>";
		};
		F02874AF2825683F00CD3F9F /* View */ = {
			isa = PBXGroup;
			children = (
				F02874B328256C0F00CD3F9F /* MainView.swift */,
				F02874AC282421BE00CD3F9F /* BookTableViewCell.swift */,
				F02874BB28257F5A00CD3F9F /* LikeView.swift */,
				F02874B928257DC300CD3F9F /* LikeBookTableViewCell.swift */,
			);
			path = View;
			sourceTree = "<group>";
		};
		F02874B02825684400CD3F9F /* Controller */ = {
			isa = PBXGroup;
			children = (
				F028749A2823DF9E00CD3F9F /* BookListViewController.swift */,
				F02874AA2823F08400CD3F9F /* MyPageViewController.swift */,
			);
			path = Controller;
			sourceTree = "<group>";
		};
		F02874B82825718B00CD3F9F /* Resources */ = {
			isa = PBXGroup;
			children = (
				F02874962823DF9E00CD3F9F /* AppDelegate.swift */,
				F02874982823DF9E00CD3F9F /* SceneDelegate.swift */,
				F028749F2823DFA000CD3F9F /* Assets.xcassets */,
				F02874A12823DFA000CD3F9F /* LaunchScreen.storyboard */,
			);
			path = Resources;
			sourceTree = "<group>";
		};
/* End PBXGroup section */

/* Begin PBXNativeTarget section */
		F02874922823DF9E00CD3F9F /* MyBook */ = {
			isa = PBXNativeTarget;
			buildConfigurationList = F02874A72823DFA000CD3F9F /* Build configuration list for PBXNativeTarget "MyBook" */;
			buildPhases = (
				ACA59E0719B2AB08B266CC78 /* [CP] Check Pods Manifest.lock */,
				F028748F2823DF9E00CD3F9F /* Sources */,
				F02874902823DF9E00CD3F9F /* Frameworks */,
				F02874912823DF9E00CD3F9F /* Resources */,
				B21F75A6A57EAFC7D191691C /* [CP] Embed Pods Frameworks */,
			);
			buildRules = (
			);
			dependencies = (
			);
			name = MyBook;
			productName = MyBook;
			productReference = F02874932823DF9E00CD3F9F /* MyBook.app */;
			productType = "com.apple.product-type.application";
		};
/* End PBXNativeTarget section */

/* Begin PBXProject section */
		F028748B2823DF9E00CD3F9F /* Project object */ = {
			isa = PBXProject;
			attributes = {
				BuildIndependentTargetsInParallel = 1;
				LastSwiftUpdateCheck = 1330;
				LastUpgradeCheck = 1330;
				TargetAttributes = {
					F02874922823DF9E00CD3F9F = {
						CreatedOnToolsVersion = 13.3.1;
					};
				};
			};
			buildConfigurationList = F028748E2823DF9E00CD3F9F /* Build configuration list for PBXProject "MyBook" */;
			compatibilityVersion = "Xcode 13.0";
			developmentRegion = en;
			hasScannedForEncodings = 0;
			knownRegions = (
				en,
				Base,
			);
			mainGroup = F028748A2823DF9E00CD3F9F;
			productRefGroup = F02874942823DF9E00CD3F9F /* Products */;
			projectDirPath = "";
			projectRoot = "";
			targets = (
				F02874922823DF9E00CD3F9F /* MyBook */,
			);
		};
/* End PBXProject section */

/* Begin PBXResourcesBuildPhase section */
		F02874912823DF9E00CD3F9F /* Resources */ = {
			isa = PBXResourcesBuildPhase;
			buildActionMask = 2147483647;
			files = (
				F02874A32823DFA000CD3F9F /* LaunchScreen.storyboard in Resources */,
				F02874A02823DFA000CD3F9F /* Assets.xcassets in Resources */,
			);
			runOnlyForDeploymentPostprocessing = 0;
		};
/* End PBXResourcesBuildPhase section */

/* Begin PBXShellScriptBuildPhase section */
		ACA59E0719B2AB08B266CC78 /* [CP] Check Pods Manifest.lock */ = {
			isa = PBXShellScriptBuildPhase;
			buildActionMask = 2147483647;
			files = (
			);
			inputFileListPaths = (
			);
			inputPaths = (
				"${PODS_PODFILE_DIR_PATH}/Podfile.lock",
				"${PODS_ROOT}/Manifest.lock",
			);
			name = "[CP] Check Pods Manifest.lock";
			outputFileListPaths = (
			);
			outputPaths = (
				"$(DERIVED_FILE_DIR)/Pods-MyBook-checkManifestLockResult.txt",
			);
			runOnlyForDeploymentPostprocessing = 0;
			shellPath = /bin/sh;
			shellScript = "diff \"${PODS_PODFILE_DIR_PATH}/Podfile.lock\" \"${PODS_ROOT}/Manifest.lock\" > /dev/null\nif [ $? != 0 ] ; then\n    # print error to STDERR\n    echo \"error: The sandbox is not in sync with the Podfile.lock. Run 'pod install' or update your CocoaPods installation.\" >&2\n    exit 1\nfi\n# This output is used by Xcode 'outputs' to avoid re-running this script phase.\necho \"SUCCESS\" > \"${SCRIPT_OUTPUT_FILE_0}\"\n";
			showEnvVarsInLog = 0;
		};
		B21F75A6A57EAFC7D191691C /* [CP] Embed Pods Frameworks */ = {
			isa = PBXShellScriptBuildPhase;
			buildActionMask = 2147483647;
			files = (
			);
			inputFileListPaths = (
				"${PODS_ROOT}/Target Support Files/Pods-MyBook/Pods-MyBook-frameworks-${CONFIGURATION}-input-files.xcfilelist",
			);
			name = "[CP] Embed Pods Frameworks";
			outputFileListPaths = (
				"${PODS_ROOT}/Target Support Files/Pods-MyBook/Pods-MyBook-frameworks-${CONFIGURATION}-output-files.xcfilelist",
			);
			runOnlyForDeploymentPostprocessing = 0;
			shellPath = /bin/sh;
			shellScript = "\"${PODS_ROOT}/Target Support Files/Pods-MyBook/Pods-MyBook-frameworks.sh\"\n";
			showEnvVarsInLog = 0;
		};
/* End PBXShellScriptBuildPhase section */

/* Begin PBXSourcesBuildPhase section */
		F028748F2823DF9E00CD3F9F /* Sources */ = {
			isa = PBXSourcesBuildPhase;
			buildActionMask = 2147483647;
			files = (
				F02874BC28257F5A00CD3F9F /* LikeView.swift in Sources */,
				F028749B2823DF9F00CD3F9F /* BookListViewController.swift in Sources */,
				F02874BA28257DC300CD3F9F /* LikeBookTableViewCell.swift in Sources */,
				F02874972823DF9E00CD3F9F /* AppDelegate.swift in Sources */,
				F02874B22825687B00CD3F9F /* Book.swift in Sources */,
				F02874992823DF9E00CD3F9F /* SceneDelegate.swift in Sources */,
				F02874B428256C0F00CD3F9F /* MainView.swift in Sources */,
				F02874AD282421BE00CD3F9F /* BookTableViewCell.swift in Sources */,
				F02874AB2823F08400CD3F9F /* MyPageViewController.swift in Sources */,
			);
			runOnlyForDeploymentPostprocessing = 0;
		};
/* End PBXSourcesBuildPhase section */

/* Begin PBXVariantGroup section */
		F02874A12823DFA000CD3F9F /* LaunchScreen.storyboard */ = {
			isa = PBXVariantGroup;
			children = (
				F02874A22823DFA000CD3F9F /* Base */,
			);
			name = LaunchScreen.storyboard;
			sourceTree = "<group>";
		};
/* End PBXVariantGroup section */

/* Begin XCBuildConfiguration section */
		F02874A52823DFA000CD3F9F /* Debug */ = {
			isa = XCBuildConfiguration;
			buildSettings = {
				ALWAYS_SEARCH_USER_PATHS = NO;
				CLANG_ANALYZER_NONNULL = YES;
				CLANG_ANALYZER_NUMBER_OBJECT_CONVERSION = YES_AGGRESSIVE;
				CLANG_CXX_LANGUAGE_STANDARD = "gnu++17";
				CLANG_ENABLE_MODULES = YES;
				CLANG_ENABLE_OBJC_ARC = YES;
				CLANG_ENABLE_OBJC_WEAK = YES;
				CLANG_WARN_BLOCK_CAPTURE_AUTORELEASING = YES;
				CLANG_WARN_BOOL_CONVERSION = YES;
				CLANG_WARN_COMMA = YES;
				CLANG_WARN_CONSTANT_CONVERSION = YES;
				CLANG_WARN_DEPRECATED_OBJC_IMPLEMENTATIONS = YES;
				CLANG_WARN_DIRECT_OBJC_ISA_USAGE = YES_ERROR;
				CLANG_WARN_DOCUMENTATION_COMMENTS = YES;
				CLANG_WARN_EMPTY_BODY = YES;
				CLANG_WARN_ENUM_CONVERSION = YES;
				CLANG_WARN_INFINITE_RECURSION = YES;
				CLANG_WARN_INT_CONVERSION = YES;
				CLANG_WARN_NON_LITERAL_NULL_CONVERSION = YES;
				CLANG_WARN_OBJC_IMPLICIT_RETAIN_SELF = YES;
				CLANG_WARN_OBJC_LITERAL_CONVERSION = YES;
				CLANG_WARN_OBJC_ROOT_CLASS = YES_ERROR;
				CLANG_WARN_QUOTED_INCLUDE_IN_FRAMEWORK_HEADER = YES;
				CLANG_WARN_RANGE_LOOP_ANALYSIS = YES;
				CLANG_WARN_STRICT_PROTOTYPES = YES;
				CLANG_WARN_SUSPICIOUS_MOVE = YES;
				CLANG_WARN_UNGUARDED_AVAILABILITY = YES_AGGRESSIVE;
				CLANG_WARN_UNREACHABLE_CODE = YES;
				CLANG_WARN__DUPLICATE_METHOD_MATCH = YES;
				COPY_PHASE_STRIP = NO;
				DEBUG_INFORMATION_FORMAT = dwarf;
				ENABLE_STRICT_OBJC_MSGSEND = YES;
				ENABLE_TESTABILITY = YES;
				GCC_C_LANGUAGE_STANDARD = gnu11;
				GCC_DYNAMIC_NO_PIC = NO;
				GCC_NO_COMMON_BLOCKS = YES;
				GCC_OPTIMIZATION_LEVEL = 0;
				GCC_PREPROCESSOR_DEFINITIONS = (
					"DEBUG=1",
					"$(inherited)",
				);
				GCC_WARN_64_TO_32_BIT_CONVERSION = YES;
				GCC_WARN_ABOUT_RETURN_TYPE = YES_ERROR;
				GCC_WARN_UNDECLARED_SELECTOR = YES;
				GCC_WARN_UNINITIALIZED_AUTOS = YES_AGGRESSIVE;
				GCC_WARN_UNUSED_FUNCTION = YES;
				GCC_WARN_UNUSED_VARIABLE = YES;
				IPHONEOS_DEPLOYMENT_TARGET = 15.4;
				MTL_ENABLE_DEBUG_INFO = INCLUDE_SOURCE;
				MTL_FAST_MATH = YES;
				ONLY_ACTIVE_ARCH = YES;
				SDKROOT = iphoneos;
				SWIFT_ACTIVE_COMPILATION_CONDITIONS = DEBUG;
				SWIFT_OPTIMIZATION_LEVEL = "-Onone";
			};
			name = Debug;
		};
		F02874A62823DFA000CD3F9F /* Release */ = {
			isa = XCBuildConfiguration;
			buildSettings = {
				ALWAYS_SEARCH_USER_PATHS = NO;
				CLANG_ANALYZER_NONNULL = YES;
				CLANG_ANALYZER_NUMBER_OBJECT_CONVERSION = YES_AGGRESSIVE;
				CLANG_CXX_LANGUAGE_STANDARD = "gnu++17";
				CLANG_ENABLE_MODULES = YES;
				CLANG_ENABLE_OBJC_ARC = YES;
				CLANG_ENABLE_OBJC_WEAK = YES;
				CLANG_WARN_BLOCK_CAPTURE_AUTORELEASING = YES;
				CLANG_WARN_BOOL_CONVERSION = YES;
				CLANG_WARN_COMMA = YES;
				CLANG_WARN_CONSTANT_CONVERSION = YES;
				CLANG_WARN_DEPRECATED_OBJC_IMPLEMENTATIONS = YES;
				CLANG_WARN_DIRECT_OBJC_ISA_USAGE = YES_ERROR;
				CLANG_WARN_DOCUMENTATION_COMMENTS = YES;
				CLANG_WARN_EMPTY_BODY = YES;
				CLANG_WARN_ENUM_CONVERSION = YES;
				CLANG_WARN_INFINITE_RECURSION = YES;
				CLANG_WARN_INT_CONVERSION = YES;
				CLANG_WARN_NON_LITERAL_NULL_CONVERSION = YES;
				CLANG_WARN_OBJC_IMPLICIT_RETAIN_SELF = YES;
				CLANG_WARN_OBJC_LITERAL_CONVERSION = YES;
				CLANG_WARN_OBJC_ROOT_CLASS = YES_ERROR;
				CLANG_WARN_QUOTED_INCLUDE_IN_FRAMEWORK_HEADER = YES;
				CLANG_WARN_RANGE_LOOP_ANALYSIS = YES;
				CLANG_WARN_STRICT_PROTOTYPES = YES;
				CLANG_WARN_SUSPICIOUS_MOVE = YES;
				CLANG_WARN_UNGUARDED_AVAILABILITY = YES_AGGRESSIVE;
				CLANG_WARN_UNREACHABLE_CODE = YES;
				CLANG_WARN__DUPLICATE_METHOD_MATCH = YES;
				COPY_PHASE_STRIP = NO;
				DEBUG_INFORMATION_FORMAT = "dwarf-with-dsym";
				ENABLE_NS_ASSERTIONS = NO;
				ENABLE_STRICT_OBJC_MSGSEND = YES;
				GCC_C_LANGUAGE_STANDARD = gnu11;
				GCC_NO_COMMON_BLOCKS = YES;
				GCC_WARN_64_TO_32_BIT_CONVERSION = YES;
				GCC_WARN_ABOUT_RETURN_TYPE = YES_ERROR;
				GCC_WARN_UNDECLARED_SELECTOR = YES;
				GCC_WARN_UNINITIALIZED_AUTOS = YES_AGGRESSIVE;
				GCC_WARN_UNUSED_FUNCTION = YES;
				GCC_WARN_UNUSED_VARIABLE = YES;
				IPHONEOS_DEPLOYMENT_TARGET = 15.4;
				MTL_ENABLE_DEBUG_INFO = NO;
				MTL_FAST_MATH = YES;
				SDKROOT = iphoneos;
				SWIFT_COMPILATION_MODE = wholemodule;
				SWIFT_OPTIMIZATION_LEVEL = "-O";
				VALIDATE_PRODUCT = YES;
			};
			name = Release;
		};
		F02874A82823DFA000CD3F9F /* Debug */ = {
			isa = XCBuildConfiguration;
			baseConfigurationReference = 9131767A787BF78ADA202F61 /* Pods-MyBook.debug.xcconfig */;
			buildSettings = {
				ASSETCATALOG_COMPILER_APPICON_NAME = AppIcon;
				ASSETCATALOG_COMPILER_GLOBAL_ACCENT_COLOR_NAME = AccentColor;
				CODE_SIGN_STYLE = Automatic;
				CURRENT_PROJECT_VERSION = 1;
				DEVELOPMENT_TEAM = ACU8AXMR55;
				GENERATE_INFOPLIST_FILE = YES;
				INFOPLIST_FILE = MyBook/Info.plist;
				INFOPLIST_KEY_UIApplicationSupportsIndirectInputEvents = YES;
				INFOPLIST_KEY_UILaunchStoryboardName = LaunchScreen;
				INFOPLIST_KEY_UISupportedInterfaceOrientations_iPad = "UIInterfaceOrientationPortrait UIInterfaceOrientationPortraitUpsideDown UIInterfaceOrientationLandscapeLeft UIInterfaceOrientationLandscapeRight";
				INFOPLIST_KEY_UISupportedInterfaceOrientations_iPhone = "UIInterfaceOrientationPortrait UIInterfaceOrientationLandscapeLeft UIInterfaceOrientationLandscapeRight";
				LD_RUNPATH_SEARCH_PATHS = (
					"$(inherited)",
					"@executable_path/Frameworks",
				);
				MARKETING_VERSION = 1.0;
				PRODUCT_BUNDLE_IDENTIFIER = com.dooly.ios.MyBook;
				PRODUCT_NAME = "$(TARGET_NAME)";
				SWIFT_EMIT_LOC_STRINGS = YES;
				SWIFT_VERSION = 5.0;
				TARGETED_DEVICE_FAMILY = "1,2";
			};
			name = Debug;
		};
		F02874A92823DFA000CD3F9F /* Release */ = {
			isa = XCBuildConfiguration;
			baseConfigurationReference = 7BC5E795606601FC463C3739 /* Pods-MyBook.release.xcconfig */;
			buildSettings = {
				ASSETCATALOG_COMPILER_APPICON_NAME = AppIcon;
				ASSETCATALOG_COMPILER_GLOBAL_ACCENT_COLOR_NAME = AccentColor;
				CODE_SIGN_STYLE = Automatic;
				CURRENT_PROJECT_VERSION = 1;
				DEVELOPMENT_TEAM = ACU8AXMR55;
				GENERATE_INFOPLIST_FILE = YES;
				INFOPLIST_FILE = MyBook/Info.plist;
				INFOPLIST_KEY_UIApplicationSupportsIndirectInputEvents = YES;
				INFOPLIST_KEY_UILaunchStoryboardName = LaunchScreen;
				INFOPLIST_KEY_UISupportedInterfaceOrientations_iPad = "UIInterfaceOrientationPortrait UIInterfaceOrientationPortraitUpsideDown UIInterfaceOrientationLandscapeLeft UIInterfaceOrientationLandscapeRight";
				INFOPLIST_KEY_UISupportedInterfaceOrientations_iPhone = "UIInterfaceOrientationPortrait UIInterfaceOrientationLandscapeLeft UIInterfaceOrientationLandscapeRight";
				LD_RUNPATH_SEARCH_PATHS = (
					"$(inherited)",
					"@executable_path/Frameworks",
				);
				MARKETING_VERSION = 1.0;
				PRODUCT_BUNDLE_IDENTIFIER = com.dooly.ios.MyBook;
				PRODUCT_NAME = "$(TARGET_NAME)";
				SWIFT_EMIT_LOC_STRINGS = YES;
				SWIFT_VERSION = 5.0;
				TARGETED_DEVICE_FAMILY = "1,2";
			};
			name = Release;
		};
/* End XCBuildConfiguration section */

/* Begin XCConfigurationList section */
		F028748E2823DF9E00CD3F9F /* Build configuration list for PBXProject "MyBook" */ = {
			isa = XCConfigurationList;
			buildConfigurations = (
				F02874A52823DFA000CD3F9F /* Debug */,
				F02874A62823DFA000CD3F9F /* Release */,
			);
			defaultConfigurationIsVisible = 0;
			defaultConfigurationName = Release;
		};
		F02874A72823DFA000CD3F9F /* Build configuration list for PBXNativeTarget "MyBook" */ = {
			isa = XCConfigurationList;
			buildConfigurations = (
				F02874A82823DFA000CD3F9F /* Debug */,
				F02874A92823DFA000CD3F9F /* Release */,
			);
			defaultConfigurationIsVisible = 0;
			defaultConfigurationName = Release;
		};
/* End XCConfigurationList section */
	};
	rootObject = F028748B2823DF9E00CD3F9F /* Project object */;
}
